
Microsoft Visual Studio Solution File, Format Version 12.00
# Visual Studio Version 17
VisualStudioVersion = 17.0.31903.59
MinimumVisualStudioVersion = 10.0.40219.1
Project("{2150E333-8FDC-42A3-9474-1A3956D46DE8}") = "src", "src", "{C41646B5-F959-408F-9C3C-3C6400F3CEA7}"
EndProject
Project("{FAE04EC0-301F-11D3-BF4B-00C04F79EFBC}") = "CPX.Domain.Abstract", "src\CPX.Domain.Abstract\CPX.Domain.Abstract.csproj", "{F2DE6753-AC95-48A6-85C2-6B274B22CE0A}"
EndProject
Project("{2150E333-8FDC-42A3-9474-1A3956D46DE8}") = "tests", "tests", "{5C11D9FD-F07F-4710-B3EE-86B028A6D8ED}"
EndProject
Project("{FAE04EC0-301F-11D3-BF4B-00C04F79EFBC}") = "CPX.Domain.Abstract.Test", "tests\CPX.Domain.Abstract.Test\CPX.Domain.Abstract.Test.csproj", "{4E343F63-AA2F-4072-B919-DF6FA7E9952A}"
EndProject
Global
	GlobalSection(SolutionConfigurationPlatforms) = preSolution
		Debug|Any CPU = Debug|Any CPU
		Release|Any CPU = Release|Any CPU
	EndGlobalSection
	GlobalSection(SolutionProperties) = preSolution
		HideSolutionNode = FALSE
	EndGlobalSection
	GlobalSection(ProjectConfigurationPlatforms) = postSolution
		{F2DE6753-AC95-48A6-85C2-6B274B22CE0A}.Debug|Any CPU.ActiveCfg = Debug|Any CPU
		{F2DE6753-AC95-48A6-85C2-6B274B22CE0A}.Debug|Any CPU.Build.0 = Debug|Any CPU
		{F2DE6753-AC95-48A6-85C2-6B274B22CE0A}.Release|Any CPU.ActiveCfg = Release|Any CPU
		{F2DE6753-AC95-48A6-85C2-6B274B22CE0A}.Release|Any CPU.Build.0 = Release|Any CPU
		{4E343F63-AA2F-4072-B919-DF6FA7E9952A}.Debug|Any CPU.ActiveCfg = Debug|Any CPU
		{4E343F63-AA2F-4072-B919-DF6FA7E9952A}.Debug|Any CPU.Build.0 = Debug|Any CPU
		{4E343F63-AA2F-4072-B919-DF6FA7E9952A}.Release|Any CPU.ActiveCfg = Release|Any CPU
		{4E343F63-AA2F-4072-B919-DF6FA7E9952A}.Release|Any CPU.Build.0 = Release|Any CPU
	EndGlobalSection
	GlobalSection(NestedProjects) = preSolution
		{F2DE6753-AC95-48A6-85C2-6B274B22CE0A} = {C41646B5-F959-408F-9C3C-3C6400F3CEA7}
		{4E343F63-AA2F-4072-B919-DF6FA7E9952A} = {5C11D9FD-F07F-4710-B3EE-86B028A6D8ED}
	EndGlobalSection
EndGlobal
