
Microsoft Visual Studio Solution File, Format Version 12.00
# Visual Studio Version 17
VisualStudioVersion = 17.0.31903.59
MinimumVisualStudioVersion = 10.0.40219.1
Project("{2150E333-8FDC-42A3-9474-1A3956D46DE8}") = "src", "src", "{F23C947E-40BA-4D3F-AF5F-A0E9616A32F2}"
EndProject
Project("{FAE04EC0-301F-11D3-BF4B-00C04F79EFBC}") = "CPX.Domain.Abstract", "src\CPX.Domain.Abstract\CPX.Domain.Abstract.csproj", "{2F21BC74-53C3-4407-8C2D-F37606D0C6E3}"
EndProject
Project("{2150E333-8FDC-42A3-9474-1A3956D46DE8}") = "tests", "tests", "{2396C3AC-0449-4EBB-B74B-72609DD9BE09}"
EndProject
Project("{FAE04EC0-301F-11D3-BF4B-00C04F79EFBC}") = "CPX.Domain.Abstract.Test", "tests\CPX.Domain.Abstract.Test\CPX.Domain.Abstract.Test.csproj", "{06470A70-B884-4CC2-98EA-00705A088A41}"
EndProject
Global
	GlobalSection(SolutionConfigurationPlatforms) = preSolution
		Debug|Any CPU = Debug|Any CPU
		Release|Any CPU = Release|Any CPU
	EndGlobalSection
	GlobalSection(SolutionProperties) = preSolution
		HideSolutionNode = FALSE
	EndGlobalSection
	GlobalSection(ProjectConfigurationPlatforms) = postSolution
		{2F21BC74-53C3-4407-8C2D-F37606D0C6E3}.Debug|Any CPU.ActiveCfg = Debug|Any CPU
		{2F21BC74-53C3-4407-8C2D-F37606D0C6E3}.Debug|Any CPU.Build.0 = Debug|Any CPU
		{2F21BC74-53C3-4407-8C2D-F37606D0C6E3}.Release|Any CPU.ActiveCfg = Release|Any CPU
		{2F21BC74-53C3-4407-8C2D-F37606D0C6E3}.Release|Any CPU.Build.0 = Release|Any CPU
		{06470A70-B884-4CC2-98EA-00705A088A41}.Debug|Any CPU.ActiveCfg = Debug|Any CPU
		{06470A70-B884-4CC2-98EA-00705A088A41}.Debug|Any CPU.Build.0 = Debug|Any CPU
		{06470A70-B884-4CC2-98EA-00705A088A41}.Release|Any CPU.ActiveCfg = Release|Any CPU
		{06470A70-B884-4CC2-98EA-00705A088A41}.Release|Any CPU.Build.0 = Release|Any CPU
	EndGlobalSection
	GlobalSection(NestedProjects) = preSolution
		{2F21BC74-53C3-4407-8C2D-F37606D0C6E3} = {F23C947E-40BA-4D3F-AF5F-A0E9616A32F2}
		{06470A70-B884-4CC2-98EA-00705A088A41} = {2396C3AC-0449-4EBB-B74B-72609DD9BE09}
	EndGlobalSection
EndGlobal
